uuid: 3bf6e0ef-7bb8-4fe9-b20c-e2f71eff3ba8
langcode: en
status: true
dependencies:
  config:
    - contact.form.feedback
  module:
    - contact_block
    - system
  theme:
    - dollard
id: contactblock
theme: dollard
region: footer
weight: 0
provider: null
plugin: contact_block
settings:
  id: contact_block
  label: Contact
  provider: contact_block
  label_display: visible
  contact_form: feedback
visibility:
  request_path:
    id: request_path
    pages: '<front>'
    negate: false
    context_mapping: {  }
